
Microsoft Visual Studio Solution File, Format Version 12.00
# Visual Studio Version 16
VisualStudioVersion = 16.0.34031.81
MinimumVisualStudioVersion = 10.0.40219.1
Project("{2150E333-8FDC-42A3-9474-1A3956D46DE8}") = "Task0", "Task0", "{C942B351-90D4-47CB-9E68-AA51EB1407A4}"
EndProject
Project("{FAE04EC0-301F-11D3-BF4B-00C04F79EFBC}") = "Tyuiu.AvaevaPD.Sprint6.Task0.V21.Lib", "Tyuiu.AvaevaPD.Sprint6.Task0.V21.Lib\Tyuiu.AvaevaPD.Sprint6.Task0.V21.Lib.csproj", "{47E1F8E4-2A83-4719-9228-29F4D2D9B0B5}"
EndProject
Project("{FAE04EC0-301F-11D3-BF4B-00C04F79EFBC}") = "Tyuiu.AvaevaPD.Sprint6.Task0.V21.Test", "Tyuiu.AvaevaPD.Sprint6.Task0.V21.Test\Tyuiu.AvaevaPD.Sprint6.Task0.V21.Test.csproj", "{A7D01838-A90B-4C9D-8DD5-D6C33D3ABB37}"
EndProject
Project("{FAE04EC0-301F-11D3-BF4B-00C04F79EFBC}") = "Tyuiu.AvaevaPD.Sprint6.Task0.V21", "Tyuiu.AvaevaPD.Sprint6.Task0.V21\Tyuiu.AvaevaPD.Sprint6.Task0.V21.csproj", "{F230D4D2-8609-4F44-8212-C0F4F0DB0FE0}"
EndProject
Project("{2150E333-8FDC-42A3-9474-1A3956D46DE8}") = "Task1", "Task1", "{4E980DCD-8BC0-448A-8031-740B4ABEDD67}"
EndProject
Project("{FAE04EC0-301F-11D3-BF4B-00C04F79EFBC}") = "Tyuiu.AvaevaPD.Sprint6.Task1.V2", "Tyuiu.AvaevaPD.Sprint6.Task1.V2\Tyuiu.AvaevaPD.Sprint6.Task1.V2.csproj", "{A06DEC59-6D2E-4F6D-9AF7-5B7743AEA3BC}"
EndProject
Project("{FAE04EC0-301F-11D3-BF4B-00C04F79EFBC}") = "Tyuiu.AvaevaPD.Sprint6.Task1.V2.Lib", "Tyuiu.AvaevaPD.Sprint6.Task1.V2.Lib\Tyuiu.AvaevaPD.Sprint6.Task1.V2.Lib.csproj", "{0F888C72-D429-4114-B77D-7E2D656F27A3}"
EndProject
Project("{FAE04EC0-301F-11D3-BF4B-00C04F79EFBC}") = "Tyuiu.AvaevaPD.Sprint6.Task1.V2.Test", "Tyuiu.AvaevaPD.Sprint6.Task1.V2.Test\Tyuiu.AvaevaPD.Sprint6.Task1.V2.Test.csproj", "{DFA301D4-EEDF-4F0D-AB8E-A6B98B8D4FBD}"
EndProject
Project("{2150E333-8FDC-42A3-9474-1A3956D46DE8}") = "NewFolder1", "NewFolder1", "{1B8EA0C6-6B54-4019-8DCD-2A1374541E43}"
EndProject
Project("{FAE04EC0-301F-11D3-BF4B-00C04F79EFBC}") = "Tyuiu.AvaevaPD.Sprint6.Task2.V3", "Tyuiu.AvaevaPD.Sprint6.Task2.V3\Tyuiu.AvaevaPD.Sprint6.Task2.V3.csproj", "{21367432-AE66-4519-8F81-3391DE199AB8}"
EndProject
Project("{FAE04EC0-301F-11D3-BF4B-00C04F79EFBC}") = "Tyuiu.AvaevaPD.Sprint6.Task2.V3.Lib", "Tyuiu.AvaevaPD.Sprint6.Task2.V3.Lib\Tyuiu.AvaevaPD.Sprint6.Task2.V3.Lib.csproj", "{12E8D16B-1D48-4FCB-B405-88933438FC8B}"
EndProject
Project("{FAE04EC0-301F-11D3-BF4B-00C04F79EFBC}") = "Tyuiu.AvaevaPD.Sprint6.Task2.V3.Test", "Tyuiu.AvaevaPD.Sprint6.Task2.V3.Test\Tyuiu.AvaevaPD.Sprint6.Task2.V3.Test.csproj", "{ACC6E0DA-64B7-4CAD-B724-A751DCE3E7A9}"
EndProject
Project("{2150E333-8FDC-42A3-9474-1A3956D46DE8}") = "Task3", "Task3", "{874C2300-2089-448F-990C-8E3259B333AA}"
EndProject
Project("{FAE04EC0-301F-11D3-BF4B-00C04F79EFBC}") = "Tyuiu.AvaevaPD.Sprint6.Task3.V11", "Tyuiu.AvaevaPD.Sprint6.Task3.V11\Tyuiu.AvaevaPD.Sprint6.Task3.V11.csproj", "{8E555474-1B0F-44FA-AA61-4E55674C3E03}"
EndProject
Project("{FAE04EC0-301F-11D3-BF4B-00C04F79EFBC}") = "Tyuiu.AvaevaPD.Sprint6.Task3.V11.Lib", "Tyuiu.AvaevaPD.Sprint6.Task3.V11.Lib\Tyuiu.AvaevaPD.Sprint6.Task3.V11.Lib.csproj", "{FA4B5B32-7960-4474-BE78-729E52339BDD}"
EndProject
Project("{FAE04EC0-301F-11D3-BF4B-00C04F79EFBC}") = "Tyuiu.AvaevaPD.Sprint6.Task3.V11.Test", "Tyuiu.AvaevaPD.Sprint6.Task3.V11.Test\Tyuiu.AvaevaPD.Sprint6.Task3.V11.Test.csproj", "{B548C77C-CD12-44E4-A0CF-A0FEAA2C1901}"
EndProject
Project("{2150E333-8FDC-42A3-9474-1A3956D46DE8}") = "NewFolder2", "NewFolder2", "{AEA097FE-32CF-49F3-BD06-FC04B6E64EA8}"
EndProject
Project("{FAE04EC0-301F-11D3-BF4B-00C04F79EFBC}") = "Tyuiu.AvaevaPD.Sprint6.Task4.V14", "Tyuiu.AvaevaPD.Sprint6.Task4.V14\Tyuiu.AvaevaPD.Sprint6.Task4.V14.csproj", "{3EC1D45B-98FC-45EF-839A-2868AE07AB04}"
EndProject
Project("{FAE04EC0-301F-11D3-BF4B-00C04F79EFBC}") = "Tyuiu.AvaevaPD.Sprint6.Task4.V14.Lib", "Tyuiu.AvaevaPD.Sprint6.Task4.V14.Lib\Tyuiu.AvaevaPD.Sprint6.Task4.V14.Lib.csproj", "{642CE818-A3DD-4640-8C4F-8E85BAE74094}"
EndProject
Project("{FAE04EC0-301F-11D3-BF4B-00C04F79EFBC}") = "Tyuiu.AvaevaPD.Sprint6.Task4.V14.Test", "Tyuiu.AvaevaPD.Sprint6.Task4.V14.Test\Tyuiu.AvaevaPD.Sprint6.Task4.V14.Test.csproj", "{5220574B-43D1-4780-8441-D208B6F2972E}"
EndProject
Project("{2150E333-8FDC-42A3-9474-1A3956D46DE8}") = "NewFolder3", "NewFolder3", "{AB15BADB-A3F2-4F66-8AEE-16DAB8517EAF}"
EndProject
Project("{FAE04EC0-301F-11D3-BF4B-00C04F79EFBC}") = "Tyuiu.AvaevaPD.Sprint6.Task5.V3", "Tyuiu.AvaevaPD.Sprint6.Task5.V3\Tyuiu.AvaevaPD.Sprint6.Task5.V3.csproj", "{B50622D0-F304-408F-BA4B-DC248CECCE27}"
EndProject
Project("{FAE04EC0-301F-11D3-BF4B-00C04F79EFBC}") = "Tyuiu.AvaevaPD.Sprint6.Task5.V3.Lib", "Tyuiu.AvaevaPD.Sprint6.Task5.V3.Lib\Tyuiu.AvaevaPD.Sprint6.Task5.V3.Lib.csproj", "{AE62DEB8-FBD5-4A59-AEF4-769033DE5726}"
EndProject
Project("{FAE04EC0-301F-11D3-BF4B-00C04F79EFBC}") = "Tyuiu.AvaevaPD.Sprint6.Task5.V3.Test", "Tyuiu.AvaevaPD.Sprint6.Task5.V3.Test\Tyuiu.AvaevaPD.Sprint6.Task5.V3.Test.csproj", "{A1A1A030-7D47-4D62-8D7B-8A8C5F0A816D}"
EndProject
Project("{2150E333-8FDC-42A3-9474-1A3956D46DE8}") = "NewFolder4", "NewFolder4", "{3ECF32F4-623F-4784-9BD0-DBB4B38F259D}"
EndProject
Project("{FAE04EC0-301F-11D3-BF4B-00C04F79EFBC}") = "Tyuiu.AvaevaPD.Sprint6.Task6.V18", "Tyuiu.AvaevaPD.Sprint6.Task6.V18\Tyuiu.AvaevaPD.Sprint6.Task6.V18.csproj", "{B9120F6B-34CA-4A15-A2F3-180437AC91BB}"
EndProject
Project("{FAE04EC0-301F-11D3-BF4B-00C04F79EFBC}") = "Tyuiu.AvaevaPD.Sprint6.Task6.V18.Lib", "Tyuiu.AvaevaPD.Sprint6.Task6.V18.Lib\Tyuiu.AvaevaPD.Sprint6.Task6.V18.Lib.csproj", "{3421CCB6-39BD-4C2A-B0A0-8BDEBBBDF112}"
EndProject
Project("{FAE04EC0-301F-11D3-BF4B-00C04F79EFBC}") = "Tyuiu.AvaevaPD.Sprint6.Task6.V18.Test", "Tyuiu.AvaevaPD.Sprint6.Task6.V18.Test\Tyuiu.AvaevaPD.Sprint6.Task6.V18.Test.csproj", "{C529CD21-40B3-4A2F-A1EE-05538402D128}"
EndProject
Project("{2150E333-8FDC-42A3-9474-1A3956D46DE8}") = "NewFolder5", "NewFolder5", "{2017D9A8-00D5-40E3-A453-09FF79AA4A7F}"
EndProject
Project("{FAE04EC0-301F-11D3-BF4B-00C04F79EFBC}") = "Tyuiu.AvaevaPD.Sprint6.Task7.V10", "Tyuiu.AvaevaPD.Sprint6.Task7.V10\Tyuiu.AvaevaPD.Sprint6.Task7.V10.csproj", "{13AE5E97-CE0C-414E-B178-C2EC513ED4A8}"
EndProject
Project("{FAE04EC0-301F-11D3-BF4B-00C04F79EFBC}") = "Tyuiu.AvaevaPD.Sprint6.Task7.V10.Lib", "Tyuiu.AvaevaPD.Sprint6.Task7.V10.Lib\Tyuiu.AvaevaPD.Sprint6.Task7.V10.Lib.csproj", "{9EEF3208-115E-4DD5-91C6-6439A9BA8FD0}"
EndProject
Project("{FAE04EC0-301F-11D3-BF4B-00C04F79EFBC}") = "Tyuiu.AvaevaPD.Sprint6.Task7.V10.Test", "Tyuiu.AvaevaPD.Sprint6.Task7.V10.Test\Tyuiu.AvaevaPD.Sprint6.Task7.V10.Test.csproj", "{AB413AE5-934A-475E-9A52-6D4629920F59}"
EndProject
Global
	GlobalSection(SolutionConfigurationPlatforms) = preSolution
		Debug|Any CPU = Debug|Any CPU
		Release|Any CPU = Release|Any CPU
	EndGlobalSection
	GlobalSection(ProjectConfigurationPlatforms) = postSolution
		{47E1F8E4-2A83-4719-9228-29F4D2D9B0B5}.Debug|Any CPU.ActiveCfg = Debug|Any CPU
		{47E1F8E4-2A83-4719-9228-29F4D2D9B0B5}.Debug|Any CPU.Build.0 = Debug|Any CPU
		{47E1F8E4-2A83-4719-9228-29F4D2D9B0B5}.Release|Any CPU.ActiveCfg = Release|Any CPU
		{47E1F8E4-2A83-4719-9228-29F4D2D9B0B5}.Release|Any CPU.Build.0 = Release|Any CPU
		{A7D01838-A90B-4C9D-8DD5-D6C33D3ABB37}.Debug|Any CPU.ActiveCfg = Debug|Any CPU
		{A7D01838-A90B-4C9D-8DD5-D6C33D3ABB37}.Debug|Any CPU.Build.0 = Debug|Any CPU
		{A7D01838-A90B-4C9D-8DD5-D6C33D3ABB37}.Release|Any CPU.ActiveCfg = Release|Any CPU
		{A7D01838-A90B-4C9D-8DD5-D6C33D3ABB37}.Release|Any CPU.Build.0 = Release|Any CPU
		{F230D4D2-8609-4F44-8212-C0F4F0DB0FE0}.Debug|Any CPU.ActiveCfg = Debug|Any CPU
		{F230D4D2-8609-4F44-8212-C0F4F0DB0FE0}.Debug|Any CPU.Build.0 = Debug|Any CPU
		{F230D4D2-8609-4F44-8212-C0F4F0DB0FE0}.Release|Any CPU.ActiveCfg = Release|Any CPU
		{F230D4D2-8609-4F44-8212-C0F4F0DB0FE0}.Release|Any CPU.Build.0 = Release|Any CPU
		{A06DEC59-6D2E-4F6D-9AF7-5B7743AEA3BC}.Debug|Any CPU.ActiveCfg = Debug|Any CPU
		{A06DEC59-6D2E-4F6D-9AF7-5B7743AEA3BC}.Debug|Any CPU.Build.0 = Debug|Any CPU
		{A06DEC59-6D2E-4F6D-9AF7-5B7743AEA3BC}.Release|Any CPU.ActiveCfg = Release|Any CPU
		{A06DEC59-6D2E-4F6D-9AF7-5B7743AEA3BC}.Release|Any CPU.Build.0 = Release|Any CPU
		{0F888C72-D429-4114-B77D-7E2D656F27A3}.Debug|Any CPU.ActiveCfg = Debug|Any CPU
		{0F888C72-D429-4114-B77D-7E2D656F27A3}.Debug|Any CPU.Build.0 = Debug|Any CPU
		{0F888C72-D429-4114-B77D-7E2D656F27A3}.Release|Any CPU.ActiveCfg = Release|Any CPU
		{0F888C72-D429-4114-B77D-7E2D656F27A3}.Release|Any CPU.Build.0 = Release|Any CPU
		{DFA301D4-EEDF-4F0D-AB8E-A6B98B8D4FBD}.Debug|Any CPU.ActiveCfg = Debug|Any CPU
		{DFA301D4-EEDF-4F0D-AB8E-A6B98B8D4FBD}.Debug|Any CPU.Build.0 = Debug|Any CPU
		{DFA301D4-EEDF-4F0D-AB8E-A6B98B8D4FBD}.Release|Any CPU.ActiveCfg = Release|Any CPU
		{DFA301D4-EEDF-4F0D-AB8E-A6B98B8D4FBD}.Release|Any CPU.Build.0 = Release|Any CPU
		{21367432-AE66-4519-8F81-3391DE199AB8}.Debug|Any CPU.ActiveCfg = Debug|Any CPU
		{21367432-AE66-4519-8F81-3391DE199AB8}.Debug|Any CPU.Build.0 = Debug|Any CPU
		{21367432-AE66-4519-8F81-3391DE199AB8}.Release|Any CPU.ActiveCfg = Release|Any CPU
		{21367432-AE66-4519-8F81-3391DE199AB8}.Release|Any CPU.Build.0 = Release|Any CPU
		{12E8D16B-1D48-4FCB-B405-88933438FC8B}.Debug|Any CPU.ActiveCfg = Debug|Any CPU
		{12E8D16B-1D48-4FCB-B405-88933438FC8B}.Debug|Any CPU.Build.0 = Debug|Any CPU
		{12E8D16B-1D48-4FCB-B405-88933438FC8B}.Release|Any CPU.ActiveCfg = Release|Any CPU
		{12E8D16B-1D48-4FCB-B405-88933438FC8B}.Release|Any CPU.Build.0 = Release|Any CPU
		{ACC6E0DA-64B7-4CAD-B724-A751DCE3E7A9}.Debug|Any CPU.ActiveCfg = Debug|Any CPU
		{ACC6E0DA-64B7-4CAD-B724-A751DCE3E7A9}.Debug|Any CPU.Build.0 = Debug|Any CPU
		{ACC6E0DA-64B7-4CAD-B724-A751DCE3E7A9}.Release|Any CPU.ActiveCfg = Release|Any CPU
		{ACC6E0DA-64B7-4CAD-B724-A751DCE3E7A9}.Release|Any CPU.Build.0 = Release|Any CPU
		{8E555474-1B0F-44FA-AA61-4E55674C3E03}.Debug|Any CPU.ActiveCfg = Debug|Any CPU
		{8E555474-1B0F-44FA-AA61-4E55674C3E03}.Debug|Any CPU.Build.0 = Debug|Any CPU
		{8E555474-1B0F-44FA-AA61-4E55674C3E03}.Release|Any CPU.ActiveCfg = Release|Any CPU
		{8E555474-1B0F-44FA-AA61-4E55674C3E03}.Release|Any CPU.Build.0 = Release|Any CPU
		{FA4B5B32-7960-4474-BE78-729E52339BDD}.Debug|Any CPU.ActiveCfg = Debug|Any CPU
		{FA4B5B32-7960-4474-BE78-729E52339BDD}.Debug|Any CPU.Build.0 = Debug|Any CPU
		{FA4B5B32-7960-4474-BE78-729E52339BDD}.Release|Any CPU.ActiveCfg = Release|Any CPU
		{FA4B5B32-7960-4474-BE78-729E52339BDD}.Release|Any CPU.Build.0 = Release|Any CPU
		{B548C77C-CD12-44E4-A0CF-A0FEAA2C1901}.Debug|Any CPU.ActiveCfg = Debug|Any CPU
		{B548C77C-CD12-44E4-A0CF-A0FEAA2C1901}.Debug|Any CPU.Build.0 = Debug|Any CPU
		{B548C77C-CD12-44E4-A0CF-A0FEAA2C1901}.Release|Any CPU.ActiveCfg = Release|Any CPU
		{B548C77C-CD12-44E4-A0CF-A0FEAA2C1901}.Release|Any CPU.Build.0 = Release|Any CPU
		{3EC1D45B-98FC-45EF-839A-2868AE07AB04}.Debug|Any CPU.ActiveCfg = Debug|Any CPU
		{3EC1D45B-98FC-45EF-839A-2868AE07AB04}.Debug|Any CPU.Build.0 = Debug|Any CPU
		{3EC1D45B-98FC-45EF-839A-2868AE07AB04}.Release|Any CPU.ActiveCfg = Release|Any CPU
		{3EC1D45B-98FC-45EF-839A-2868AE07AB04}.Release|Any CPU.Build.0 = Release|Any CPU
		{642CE818-A3DD-4640-8C4F-8E85BAE74094}.Debug|Any CPU.ActiveCfg = Debug|Any CPU
		{642CE818-A3DD-4640-8C4F-8E85BAE74094}.Debug|Any CPU.Build.0 = Debug|Any CPU
		{642CE818-A3DD-4640-8C4F-8E85BAE74094}.Release|Any CPU.ActiveCfg = Release|Any CPU
		{642CE818-A3DD-4640-8C4F-8E85BAE74094}.Release|Any CPU.Build.0 = Release|Any CPU
		{5220574B-43D1-4780-8441-D208B6F2972E}.Debug|Any CPU.ActiveCfg = Debug|Any CPU
		{5220574B-43D1-4780-8441-D208B6F2972E}.Debug|Any CPU.Build.0 = Debug|Any CPU
		{5220574B-43D1-4780-8441-D208B6F2972E}.Release|Any CPU.ActiveCfg = Release|Any CPU
		{5220574B-43D1-4780-8441-D208B6F2972E}.Release|Any CPU.Build.0 = Release|Any CPU
		{B50622D0-F304-408F-BA4B-DC248CECCE27}.Debug|Any CPU.ActiveCfg = Debug|Any CPU
		{B50622D0-F304-408F-BA4B-DC248CECCE27}.Debug|Any CPU.Build.0 = Debug|Any CPU
		{B50622D0-F304-408F-BA4B-DC248CECCE27}.Release|Any CPU.ActiveCfg = Release|Any CPU
		{B50622D0-F304-408F-BA4B-DC248CECCE27}.Release|Any CPU.Build.0 = Release|Any CPU
		{AE62DEB8-FBD5-4A59-AEF4-769033DE5726}.Debug|Any CPU.ActiveCfg = Debug|Any CPU
		{AE62DEB8-FBD5-4A59-AEF4-769033DE5726}.Debug|Any CPU.Build.0 = Debug|Any CPU
		{AE62DEB8-FBD5-4A59-AEF4-769033DE5726}.Release|Any CPU.ActiveCfg = Release|Any CPU
		{AE62DEB8-FBD5-4A59-AEF4-769033DE5726}.Release|Any CPU.Build.0 = Release|Any CPU
		{A1A1A030-7D47-4D62-8D7B-8A8C5F0A816D}.Debug|Any CPU.ActiveCfg = Debug|Any CPU
		{A1A1A030-7D47-4D62-8D7B-8A8C5F0A816D}.Debug|Any CPU.Build.0 = Debug|Any CPU
		{A1A1A030-7D47-4D62-8D7B-8A8C5F0A816D}.Release|Any CPU.ActiveCfg = Release|Any CPU
		{A1A1A030-7D47-4D62-8D7B-8A8C5F0A816D}.Release|Any CPU.Build.0 = Release|Any CPU
		{B9120F6B-34CA-4A15-A2F3-180437AC91BB}.Debug|Any CPU.ActiveCfg = Debug|Any CPU
		{B9120F6B-34CA-4A15-A2F3-180437AC91BB}.Debug|Any CPU.Build.0 = Debug|Any CPU
		{B9120F6B-34CA-4A15-A2F3-180437AC91BB}.Release|Any CPU.ActiveCfg = Release|Any CPU
		{B9120F6B-34CA-4A15-A2F3-180437AC91BB}.Release|Any CPU.Build.0 = Release|Any CPU
		{3421CCB6-39BD-4C2A-B0A0-8BDEBBBDF112}.Debug|Any CPU.ActiveCfg = Debug|Any CPU
		{3421CCB6-39BD-4C2A-B0A0-8BDEBBBDF112}.Debug|Any CPU.Build.0 = Debug|Any CPU
		{3421CCB6-39BD-4C2A-B0A0-8BDEBBBDF112}.Release|Any CPU.ActiveCfg = Release|Any CPU
		{3421CCB6-39BD-4C2A-B0A0-8BDEBBBDF112}.Release|Any CPU.Build.0 = Release|Any CPU
		{C529CD21-40B3-4A2F-A1EE-05538402D128}.Debug|Any CPU.ActiveCfg = Debug|Any CPU
		{C529CD21-40B3-4A2F-A1EE-05538402D128}.Debug|Any CPU.Build.0 = Debug|Any CPU
		{C529CD21-40B3-4A2F-A1EE-05538402D128}.Release|Any CPU.ActiveCfg = Release|Any CPU
		{C529CD21-40B3-4A2F-A1EE-05538402D128}.Release|Any CPU.Build.0 = Release|Any CPU
		{13AE5E97-CE0C-414E-B178-C2EC513ED4A8}.Debug|Any CPU.ActiveCfg = Debug|Any CPU
		{13AE5E97-CE0C-414E-B178-C2EC513ED4A8}.Debug|Any CPU.Build.0 = Debug|Any CPU
		{13AE5E97-CE0C-414E-B178-C2EC513ED4A8}.Release|Any CPU.ActiveCfg = Release|Any CPU
		{13AE5E97-CE0C-414E-B178-C2EC513ED4A8}.Release|Any CPU.Build.0 = Release|Any CPU
		{9EEF3208-115E-4DD5-91C6-6439A9BA8FD0}.Debug|Any CPU.ActiveCfg = Debug|Any CPU
		{9EEF3208-115E-4DD5-91C6-6439A9BA8FD0}.Debug|Any CPU.Build.0 = Debug|Any CPU
		{9EEF3208-115E-4DD5-91C6-6439A9BA8FD0}.Release|Any CPU.ActiveCfg = Release|Any CPU
		{9EEF3208-115E-4DD5-91C6-6439A9BA8FD0}.Release|Any CPU.Build.0 = Release|Any CPU
		{AB413AE5-934A-475E-9A52-6D4629920F59}.Debug|Any CPU.ActiveCfg = Debug|Any CPU
		{AB413AE5-934A-475E-9A52-6D4629920F59}.Debug|Any CPU.Build.0 = Debug|Any CPU
		{AB413AE5-934A-475E-9A52-6D4629920F59}.Release|Any CPU.ActiveCfg = Release|Any CPU
		{AB413AE5-934A-475E-9A52-6D4629920F59}.Release|Any CPU.Build.0 = Release|Any CPU
	EndGlobalSection
	GlobalSection(SolutionProperties) = preSolution
		HideSolutionNode = FALSE
	EndGlobalSection
	GlobalSection(NestedProjects) = preSolution
		{47E1F8E4-2A83-4719-9228-29F4D2D9B0B5} = {C942B351-90D4-47CB-9E68-AA51EB1407A4}
		{A7D01838-A90B-4C9D-8DD5-D6C33D3ABB37} = {C942B351-90D4-47CB-9E68-AA51EB1407A4}
		{F230D4D2-8609-4F44-8212-C0F4F0DB0FE0} = {C942B351-90D4-47CB-9E68-AA51EB1407A4}
		{A06DEC59-6D2E-4F6D-9AF7-5B7743AEA3BC} = {4E980DCD-8BC0-448A-8031-740B4ABEDD67}
		{0F888C72-D429-4114-B77D-7E2D656F27A3} = {4E980DCD-8BC0-448A-8031-740B4ABEDD67}
		{DFA301D4-EEDF-4F0D-AB8E-A6B98B8D4FBD} = {4E980DCD-8BC0-448A-8031-740B4ABEDD67}
		{21367432-AE66-4519-8F81-3391DE199AB8} = {1B8EA0C6-6B54-4019-8DCD-2A1374541E43}
		{12E8D16B-1D48-4FCB-B405-88933438FC8B} = {1B8EA0C6-6B54-4019-8DCD-2A1374541E43}
		{ACC6E0DA-64B7-4CAD-B724-A751DCE3E7A9} = {1B8EA0C6-6B54-4019-8DCD-2A1374541E43}
		{8E555474-1B0F-44FA-AA61-4E55674C3E03} = {874C2300-2089-448F-990C-8E3259B333AA}
		{FA4B5B32-7960-4474-BE78-729E52339BDD} = {874C2300-2089-448F-990C-8E3259B333AA}
		{B548C77C-CD12-44E4-A0CF-A0FEAA2C1901} = {874C2300-2089-448F-990C-8E3259B333AA}
		{3EC1D45B-98FC-45EF-839A-2868AE07AB04} = {AEA097FE-32CF-49F3-BD06-FC04B6E64EA8}
		{642CE818-A3DD-4640-8C4F-8E85BAE74094} = {AEA097FE-32CF-49F3-BD06-FC04B6E64EA8}
		{5220574B-43D1-4780-8441-D208B6F2972E} = {AEA097FE-32CF-49F3-BD06-FC04B6E64EA8}
		{B50622D0-F304-408F-BA4B-DC248CECCE27} = {AB15BADB-A3F2-4F66-8AEE-16DAB8517EAF}
		{AE62DEB8-FBD5-4A59-AEF4-769033DE5726} = {AB15BADB-A3F2-4F66-8AEE-16DAB8517EAF}
		{A1A1A030-7D47-4D62-8D7B-8A8C5F0A816D} = {AB15BADB-A3F2-4F66-8AEE-16DAB8517EAF}
		{B9120F6B-34CA-4A15-A2F3-180437AC91BB} = {3ECF32F4-623F-4784-9BD0-DBB4B38F259D}
		{3421CCB6-39BD-4C2A-B0A0-8BDEBBBDF112} = {3ECF32F4-623F-4784-9BD0-DBB4B38F259D}
		{C529CD21-40B3-4A2F-A1EE-05538402D128} = {3ECF32F4-623F-4784-9BD0-DBB4B38F259D}
		{13AE5E97-CE0C-414E-B178-C2EC513ED4A8} = {2017D9A8-00D5-40E3-A453-09FF79AA4A7F}
		{9EEF3208-115E-4DD5-91C6-6439A9BA8FD0} = {2017D9A8-00D5-40E3-A453-09FF79AA4A7F}
		{AB413AE5-934A-475E-9A52-6D4629920F59} = {2017D9A8-00D5-40E3-A453-09FF79AA4A7F}
	EndGlobalSection
	GlobalSection(ExtensibilityGlobals) = postSolution
		SolutionGuid = {C0A3EDCD-6A97-41A7-A48C-8238A36CEFB7}
	EndGlobalSection
EndGlobal
